
Microsoft Visual Studio Solution File, Format Version 12.00
# Visual Studio 14
VisualStudioVersion = 14.0.23107.0
MinimumVisualStudioVersion = 10.0.40219.1
Project("{FAE04EC0-301F-11D3-BF4B-00C04F79EFBC}") = "PropertiesGridSample", "PropertiesGridSample\PropertiesGridSample.csproj", "{C86A1F66-86C0-4613-97B2-58098F2F00FD}"
EndProject
Project("{FAE04EC0-301F-11D3-BF4B-00C04F79EFBC}") = "PropertiesGrid", "PropertiesGrid\PropertiesGrid.csproj", "{2CFDDC43-A809-42CD-B848-9A35663D7C23}"
EndProject
Global
	GlobalSection(SolutionConfigurationPlatforms) = preSolution
		Debug|Any CPU = Debug|Any CPU
		Release|Any CPU = Release|Any CPU
	EndGlobalSection
	GlobalSection(ProjectConfigurationPlatforms) = postSolution
		{C86A1F66-86C0-4613-97B2-58098F2F00FD}.Debug|Any CPU.ActiveCfg = Debug|Any CPU
		{C86A1F66-86C0-4613-97B2-58098F2F00FD}.Debug|Any CPU.Build.0 = Debug|Any CPU
		{C86A1F66-86C0-4613-97B2-58098F2F00FD}.Release|Any CPU.ActiveCfg = Release|Any CPU
		{C86A1F66-86C0-4613-97B2-58098F2F00FD}.Release|Any CPU.Build.0 = Release|Any CPU
		{2CFDDC43-A809-42CD-B848-9A35663D7C23}.Debug|Any CPU.ActiveCfg = Debug|Any CPU
		{2CFDDC43-A809-42CD-B848-9A35663D7C23}.Debug|Any CPU.Build.0 = Debug|Any CPU
		{2CFDDC43-A809-42CD-B848-9A35663D7C23}.Release|Any CPU.ActiveCfg = Release|Any CPU
		{2CFDDC43-A809-42CD-B848-9A35663D7C23}.Release|Any CPU.Build.0 = Release|Any CPU
	EndGlobalSection
	GlobalSection(SolutionProperties) = preSolution
		HideSolutionNode = FALSE
	EndGlobalSection
EndGlobal
